<?xml version="1.0" encoding="utf-8"?>
<Project ToolsVersion="4.0" xmlns="http://schemas.microsoft.com/developer/msbuild/2003">
  <ItemGroup>
    <Filter Include="main">
      <UniqueIdentifier>{4FC737F1-C7A5-4376-A066-2A32D752A2FF}</UniqueIdentifier>
      <Extensions>cpp;c;cc;cxx;c++;cppm;ixx;def;odl;idl;hpj;bat;asm;asmx</Extensions>
    </Filter>
    <Filter Include="EntityList">
      <UniqueIdentifier>{71e8eb89-83dd-4dfa-b3b8-614ea20d3af8}</UniqueIdentifier>
    </Filter>
    <Filter Include="Entity">
      <UniqueIdentifier>{3dc26f74-e32f-4e67-b66c-124572380352}</UniqueIdentifier>
    </Filter>
    <Filter Include="Vector3">
      <UniqueIdentifier>{60216af8-acfd-458c-b532-cd64cd5f21ae}</UniqueIdentifier>
    </Filter>
    <Filter Include="BasicMath">
      <UniqueIdentifier>{eb1279c2-e3b7-4e31-aa1b-5d51fb430925}</UniqueIdentifier>
    </Filter>
    <Filter Include="CheatManager">
      <UniqueIdentifier>{eddc6c9d-e584-487f-9b5d-c3210eeb84d9}</UniqueIdentifier>
    </Filter>
    <Filter Include="AimbotOptions">
      <UniqueIdentifier>{78cb799b-a320-4ee2-9e64-0bec0066bdd9}</UniqueIdentifier>
    </Filter>
    <Filter Include="ConsoleManager">
      <UniqueIdentifier>{bb4a1223-a56d-473b-afca-f00dec9d0d94}</UniqueIdentifier>
    </Filter>
    <Filter Include="GamePointer">
      <UniqueIdentifier>{344327c1-58f2-4c88-a135-f35006b7d3d6}</UniqueIdentifier>
    </Filter>
    <Filter Include="GameChecker">
      <UniqueIdentifier>{1e0f911a-87f3-44c6-b0fe-f028e37639c2}</UniqueIdentifier>
    </Filter>
    <Filter Include="TargetManager">
      <UniqueIdentifier>{ce9e06c8-7b88-4f9a-a607-a7ab92281124}</UniqueIdentifier>
    </Filter>
    <Filter Include="LocalPlayer">
      <UniqueIdentifier>{9941c7ff-1164-46f5-ac67-ceeeabba9abd}</UniqueIdentifier>
    </Filter>
  </ItemGroup>
  <ItemGroup>
    <ClInclude Include="EntityList.h">
      <Filter>EntityList</Filter>
    </ClInclude>
    <ClInclude Include="GamePointer.h">
      <Filter>GamePointer</Filter>
    </ClInclude>
    <ClInclude Include="TargetManager.h">
      <Filter>TargetManager</Filter>
    </ClInclude>
    <ClInclude Include="Vector3.h">
      <Filter>Vector3</Filter>
    </ClInclude>
    <ClInclude Include="BasicMath.h">
      <Filter>BasicMath</Filter>
    </ClInclude>
    <ClInclude Include="AimbotOptions.h">
      <Filter>AimbotOptions</Filter>
    </ClInclude>
    <ClInclude Include="CheatManager.h">
      <Filter>CheatManager</Filter>
    </ClInclude>
    <ClInclude Include="ConsoleManager.h">
      <Filter>ConsoleManager</Filter>
    </ClInclude>
    <ClInclude Include="GameChecker.h">
      <Filter>GameChecker</Filter>
    </ClInclude>
    <ClInclude Include="LocalPlayer.h">
      <Filter>LocalPlayer</Filter>
    </ClInclude>
  </ItemGroup>
  <ItemGroup>
    <ClCompile Include="dllmain.cpp">
      <Filter>main</Filter>
    </ClCompile>
    <ClCompile Include="Entity.h">
      <Filter>Entity</Filter>
    </ClCompile>
    <ClCompile Include="TargetManager.cpp">
      <Filter>TargetManager</Filter>
    </ClCompile>
    <ClCompile Include="EntityList.cpp">
      <Filter>EntityList</Filter>
    </ClCompile>
    <ClCompile Include="BasicMath.cpp">
      <Filter>BasicMath</Filter>
    </ClCompile>
    <ClCompile Include="CheatManager.cpp">
      <Filter>CheatManager</Filter>
    </ClCompile>
    <ClCompile Include="GamePointer.cpp">
      <Filter>GamePointer</Filter>
    </ClCompile>
    <ClCompile Include="ConsoleManager.cpp">
      <Filter>ConsoleManager</Filter>
    </ClCompile>
    <ClCompile Include="LocalPlayer.cpp">
      <Filter>LocalPlayer</Filter>
    </ClCompile>
  </ItemGroup>
</Project>