<?xml version="1.0" encoding="utf-8"?>
<Project ToolsVersion="4.0" xmlns="http://schemas.microsoft.com/developer/msbuild/2003">
  <ItemGroup>
    <Filter Include="Header Files">
      <UniqueIdentifier>{93995380-89BD-4b04-88EB-625FBE52EBFB}</UniqueIdentifier>
      <Extensions>h;hh;hpp;hxx;h++;hm;inl;inc;ipp;xsd</Extensions>
    </Filter>
    <Filter Include="main">
      <UniqueIdentifier>{4FC737F1-C7A5-4376-A066-2A32D752A2FF}</UniqueIdentifier>
      <Extensions>cpp;c;cc;cxx;c++;cppm;ixx;def;odl;idl;hpj;bat;asm;asmx</Extensions>
    </Filter>
    <Filter Include="EntityList">
      <UniqueIdentifier>{71e8eb89-83dd-4dfa-b3b8-614ea20d3af8}</UniqueIdentifier>
    </Filter>
    <Filter Include="Entity">
      <UniqueIdentifier>{3dc26f74-e32f-4e67-b66c-124572380352}</UniqueIdentifier>
    </Filter>
    <Filter Include="Offset">
      <UniqueIdentifier>{344327c1-58f2-4c88-a135-f35006b7d3d6}</UniqueIdentifier>
    </Filter>
    <Filter Include="MemoryManager">
      <UniqueIdentifier>{568a089d-e934-4cb9-816a-7f12be9ea5a3}</UniqueIdentifier>
    </Filter>
    <Filter Include="Aimbot">
      <UniqueIdentifier>{ce9e06c8-7b88-4f9a-a607-a7ab92281124}</UniqueIdentifier>
    </Filter>
  </ItemGroup>
  <ItemGroup>
    <ClInclude Include="header.h">
      <Filter>Header Files</Filter>
    </ClInclude>
    <ClInclude Include="EntityList.h">
      <Filter>EntityList</Filter>
    </ClInclude>
    <ClInclude Include="Offset.h">
      <Filter>Offset</Filter>
    </ClInclude>
    <ClInclude Include="MemoryManager.h">
      <Filter>MemoryManager</Filter>
    </ClInclude>
    <ClInclude Include="Aimbot.h">
      <Filter>Aimbot</Filter>
    </ClInclude>
    <ClInclude Include="LocalPlayer.h">
      <Filter>Entity</Filter>
    </ClInclude>
  </ItemGroup>
  <ItemGroup>
    <ClCompile Include="dllmain.cpp">
      <Filter>main</Filter>
    </ClCompile>
    <ClCompile Include="Entity.h">
      <Filter>Entity</Filter>
    </ClCompile>
    <ClCompile Include="MemoryManager.cpp">
      <Filter>MemoryManager</Filter>
    </ClCompile>
    <ClCompile Include="Aimbot.cpp">
      <Filter>Aimbot</Filter>
    </ClCompile>
    <ClCompile Include="EntityList.cpp">
      <Filter>EntityList</Filter>
    </ClCompile>
    <ClCompile Include="LocalPlayer.cpp">
      <Filter>Entity</Filter>
    </ClCompile>
  </ItemGroup>
</Project>